
Microsoft Visual Studio Solution File, Format Version 12.00
# Visual Studio Version 16
VisualStudioVersion = 16.0.30413.136
MinimumVisualStudioVersion = 10.0.40219.1
Project("{8BC9CEB8-8B4A-11D0-8D11-00A0C91BC942}") = "12", "12\12.vcxproj", "{DC81EA19-76DE-43DA-ABA8-C57EF569F1CD}"
EndProject
Global
	GlobalSection(SolutionConfigurationPlatforms) = preSolution
		Debug|x64 = Debug|x64
		Debug|x86 = Debug|x86
		Release|x64 = Release|x64
		Release|x86 = Release|x86
	EndGlobalSection
	GlobalSection(ProjectConfigurationPlatforms) = postSolution
		{DC81EA19-76DE-43DA-ABA8-C57EF569F1CD}.Debug|x64.ActiveCfg = Debug|x64
		{DC81EA19-76DE-43DA-ABA8-C57EF569F1CD}.Debug|x64.Build.0 = Debug|x64
		{DC81EA19-76DE-43DA-ABA8-C57EF569F1CD}.Debug|x86.ActiveCfg = Debug|Win32
		{DC81EA19-76DE-43DA-ABA8-C57EF569F1CD}.Debug|x86.Build.0 = Debug|Win32
		{DC81EA19-76DE-43DA-ABA8-C57EF569F1CD}.Release|x64.ActiveCfg = Release|x64
		{DC81EA19-76DE-43DA-ABA8-C57EF569F1CD}.Release|x64.Build.0 = Release|x64
		{DC81EA19-76DE-43DA-ABA8-C57EF569F1CD}.Release|x86.ActiveCfg = Release|Win32
		{DC81EA19-76DE-43DA-ABA8-C57EF569F1CD}.Release|x86.Build.0 = Release|Win32
	EndGlobalSection
	GlobalSection(SolutionProperties) = preSolution
		HideSolutionNode = FALSE
	EndGlobalSection
	GlobalSection(ExtensibilityGlobals) = postSolution
		SolutionGuid = {5A602B03-82C8-4C97-8D2A-D5AE6A379F13}
	EndGlobalSection
EndGlobal
