
Microsoft Visual Studio Solution File, Format Version 12.00
# Visual Studio Version 16
VisualStudioVersion = 16.0.30413.136
MinimumVisualStudioVersion = 10.0.40219.1
Project("{8BC9CEB8-8B4A-11D0-8D11-00A0C91BC942}") = "Play", "Play\Play.vcxproj", "{EDEB69CC-1F48-4FB1-8097-28D71D54A2AA}"
EndProject
Global
	GlobalSection(SolutionConfigurationPlatforms) = preSolution
		Debug|x64 = Debug|x64
		Debug|x86 = Debug|x86
		Release|x64 = Release|x64
		Release|x86 = Release|x86
	EndGlobalSection
	GlobalSection(ProjectConfigurationPlatforms) = postSolution
		{EDEB69CC-1F48-4FB1-8097-28D71D54A2AA}.Debug|x64.ActiveCfg = Debug|x64
		{EDEB69CC-1F48-4FB1-8097-28D71D54A2AA}.Debug|x64.Build.0 = Debug|x64
		{EDEB69CC-1F48-4FB1-8097-28D71D54A2AA}.Debug|x86.ActiveCfg = Debug|Win32
		{EDEB69CC-1F48-4FB1-8097-28D71D54A2AA}.Debug|x86.Build.0 = Debug|Win32
		{EDEB69CC-1F48-4FB1-8097-28D71D54A2AA}.Release|x64.ActiveCfg = Release|x64
		{EDEB69CC-1F48-4FB1-8097-28D71D54A2AA}.Release|x64.Build.0 = Release|x64
		{EDEB69CC-1F48-4FB1-8097-28D71D54A2AA}.Release|x86.ActiveCfg = Release|Win32
		{EDEB69CC-1F48-4FB1-8097-28D71D54A2AA}.Release|x86.Build.0 = Release|Win32
	EndGlobalSection
	GlobalSection(SolutionProperties) = preSolution
		HideSolutionNode = FALSE
	EndGlobalSection
	GlobalSection(ExtensibilityGlobals) = postSolution
		SolutionGuid = {65F957E7-1157-4EF6-9CB1-7AAB9604E9D2}
	EndGlobalSection
EndGlobal
